
Microsoft Visual Studio Solution File, Format Version 12.00
# Visual Studio Version 17
VisualStudioVersion = 17.4.33213.308
MinimumVisualStudioVersion = 10.0.40219.1
Project("{FAE04EC0-301F-11D3-BF4B-00C04F79EFBC}") = "BrainRingButtonsRegistrator", "BrainRingButtonsRegistrator\BrainRingButtonsRegistrator.csproj", "{DBCAD6B0-91AA-4B08-BE68-FB91373FF6F1}"
EndProject
Global
	GlobalSection(SolutionConfigurationPlatforms) = preSolution
		Debug|Any CPU = Debug|Any CPU
		Release|Any CPU = Release|Any CPU
	EndGlobalSection
	GlobalSection(ProjectConfigurationPlatforms) = postSolution
		{DBCAD6B0-91AA-4B08-BE68-FB91373FF6F1}.Debug|Any CPU.ActiveCfg = Debug|Any CPU
		{DBCAD6B0-91AA-4B08-BE68-FB91373FF6F1}.Debug|Any CPU.Build.0 = Debug|Any CPU
		{DBCAD6B0-91AA-4B08-BE68-FB91373FF6F1}.Release|Any CPU.ActiveCfg = Release|Any CPU
		{DBCAD6B0-91AA-4B08-BE68-FB91373FF6F1}.Release|Any CPU.Build.0 = Release|Any CPU
	EndGlobalSection
	GlobalSection(SolutionProperties) = preSolution
		HideSolutionNode = FALSE
	EndGlobalSection
	GlobalSection(ExtensibilityGlobals) = postSolution
		SolutionGuid = {84DE1B3F-0EC2-4016-A72F-945EEDCCBB89}
	EndGlobalSection
EndGlobal
